// !$*UTF8*$!
{
	archiveVersion = 1;
	classes = {
	};
	objectVersion = 55;
	objects = {

/* Begin PBXBuildFile section */
		2798A02F8B333E5AB7AC5F8E /* Pods_MovieList.framework in Frameworks */ = {isa = PBXBuildFile; fileRef = D65A2CC70E0207884CAC495A /* Pods_MovieList.framework */; };
		32D24CD42723444E00500774 /* AppDelegate.swift in Sources */ = {isa = PBXBuildFile; fileRef = 32D24CD32723444E00500774 /* AppDelegate.swift */; };
		32D24CD62723444E00500774 /* SceneDelegate.swift in Sources */ = {isa = PBXBuildFile; fileRef = 32D24CD52723444E00500774 /* SceneDelegate.swift */; };
		32D24CD82723444E00500774 /* ViewController.swift in Sources */ = {isa = PBXBuildFile; fileRef = 32D24CD72723444E00500774 /* ViewController.swift */; };
		32D24CDB2723444E00500774 /* Main.storyboard in Resources */ = {isa = PBXBuildFile; fileRef = 32D24CD92723444E00500774 /* Main.storyboard */; };
		32D24CDE2723444E00500774 /* MovieList.xcdatamodeld in Sources */ = {isa = PBXBuildFile; fileRef = 32D24CDC2723444E00500774 /* MovieList.xcdatamodeld */; };
		32D24CE02723444F00500774 /* Assets.xcassets in Resources */ = {isa = PBXBuildFile; fileRef = 32D24CDF2723444F00500774 /* Assets.xcassets */; };
		32D24CE32723444F00500774 /* LaunchScreen.storyboard in Resources */ = {isa = PBXBuildFile; fileRef = 32D24CE12723444F00500774 /* LaunchScreen.storyboard */; };
		32D24CEE2723445000500774 /* MovieListTests.swift in Sources */ = {isa = PBXBuildFile; fileRef = 32D24CED2723445000500774 /* MovieListTests.swift */; };
		32D24CF82723445000500774 /* MovieListUITests.swift in Sources */ = {isa = PBXBuildFile; fileRef = 32D24CF72723445000500774 /* MovieListUITests.swift */; };
		32D24CFA2723445000500774 /* MovieListUITestsLaunchTests.swift in Sources */ = {isa = PBXBuildFile; fileRef = 32D24CF92723445000500774 /* MovieListUITestsLaunchTests.swift */; };
		32D24D082723473A00500774 /* APIRouter.swift in Sources */ = {isa = PBXBuildFile; fileRef = 32D24D072723473A00500774 /* APIRouter.swift */; };
		32D24D0A2723475600500774 /* APIClient.swift in Sources */ = {isa = PBXBuildFile; fileRef = 32D24D092723475600500774 /* APIClient.swift */; };
		32D24D0C2723478900500774 /* Constants.swift in Sources */ = {isa = PBXBuildFile; fileRef = 32D24D0B2723478900500774 /* Constants.swift */; };
		32D24D0F272349CF00500774 /* Movie.swift in Sources */ = {isa = PBXBuildFile; fileRef = 32D24D0E272349CF00500774 /* Movie.swift */; };
		9C1E56722B40D8667157F1FB /* Pods_MovieList_MovieListUITests.framework in Frameworks */ = {isa = PBXBuildFile; fileRef = 67BD9C75B9D12C008B50A2A7 /* Pods_MovieList_MovieListUITests.framework */; };
		B442BE722CBBD3477C5127C4 /* Pods_MovieListTests.framework in Frameworks */ = {isa = PBXBuildFile; fileRef = A80E869DAB13A268E5CCBC40 /* Pods_MovieListTests.framework */; };
/* End PBXBuildFile section */

/* Begin PBXContainerItemProxy section */
		32D24CEA2723445000500774 /* PBXContainerItemProxy */ = {
			isa = PBXContainerItemProxy;
			containerPortal = 32D24CC82723444E00500774 /* Project object */;
			proxyType = 1;
			remoteGlobalIDString = 32D24CCF2723444E00500774;
			remoteInfo = MovieList;
		};
		32D24CF42723445000500774 /* PBXContainerItemProxy */ = {
			isa = PBXContainerItemProxy;
			containerPortal = 32D24CC82723444E00500774 /* Project object */;
			proxyType = 1;
			remoteGlobalIDString = 32D24CCF2723444E00500774;
			remoteInfo = MovieList;
		};
/* End PBXContainerItemProxy section */

/* Begin PBXFileReference section */
		26F211175530013AF06EFC80 /* Pods-MovieList.release.xcconfig */ = {isa = PBXFileReference; includeInIndex = 1; lastKnownFileType = text.xcconfig; name = "Pods-MovieList.release.xcconfig"; path = "Target Support Files/Pods-MovieList/Pods-MovieList.release.xcconfig"; sourceTree = "<group>"; };
		32D24CD02723444E00500774 /* MovieList.app */ = {isa = PBXFileReference; explicitFileType = wrapper.application; includeInIndex = 0; path = MovieList.app; sourceTree = BUILT_PRODUCTS_DIR; };
		32D24CD32723444E00500774 /* AppDelegate.swift */ = {isa = PBXFileReference; lastKnownFileType = sourcecode.swift; path = AppDelegate.swift; sourceTree = "<group>"; };
		32D24CD52723444E00500774 /* SceneDelegate.swift */ = {isa = PBXFileReference; lastKnownFileType = sourcecode.swift; path = SceneDelegate.swift; sourceTree = "<group>"; };
		32D24CD72723444E00500774 /* ViewController.swift */ = {isa = PBXFileReference; lastKnownFileType = sourcecode.swift; path = ViewController.swift; sourceTree = "<group>"; };
		32D24CDA2723444E00500774 /* Base */ = {isa = PBXFileReference; lastKnownFileType = file.storyboard; name = Base; path = Base.lproj/Main.storyboard; sourceTree = "<group>"; };
		32D24CDD2723444E00500774 /* MovieList.xcdatamodel */ = {isa = PBXFileReference; lastKnownFileType = wrapper.xcdatamodel; path = MovieList.xcdatamodel; sourceTree = "<group>"; };
		32D24CDF2723444F00500774 /* Assets.xcassets */ = {isa = PBXFileReference; lastKnownFileType = folder.assetcatalog; path = Assets.xcassets; sourceTree = "<group>"; };
		32D24CE22723444F00500774 /* Base */ = {isa = PBXFileReference; lastKnownFileType = file.storyboard; name = Base; path = Base.lproj/LaunchScreen.storyboard; sourceTree = "<group>"; };
		32D24CE42723444F00500774 /* Info.plist */ = {isa = PBXFileReference; lastKnownFileType = text.plist.xml; path = Info.plist; sourceTree = "<group>"; };
		32D24CE92723445000500774 /* MovieListTests.xctest */ = {isa = PBXFileReference; explicitFileType = wrapper.cfbundle; includeInIndex = 0; path = MovieListTests.xctest; sourceTree = BUILT_PRODUCTS_DIR; };
		32D24CED2723445000500774 /* MovieListTests.swift */ = {isa = PBXFileReference; lastKnownFileType = sourcecode.swift; path = MovieListTests.swift; sourceTree = "<group>"; };
		32D24CF32723445000500774 /* MovieListUITests.xctest */ = {isa = PBXFileReference; explicitFileType = wrapper.cfbundle; includeInIndex = 0; path = MovieListUITests.xctest; sourceTree = BUILT_PRODUCTS_DIR; };
		32D24CF72723445000500774 /* MovieListUITests.swift */ = {isa = PBXFileReference; lastKnownFileType = sourcecode.swift; path = MovieListUITests.swift; sourceTree = "<group>"; };
		32D24CF92723445000500774 /* MovieListUITestsLaunchTests.swift */ = {isa = PBXFileReference; lastKnownFileType = sourcecode.swift; path = MovieListUITestsLaunchTests.swift; sourceTree = "<group>"; };
		32D24D072723473A00500774 /* APIRouter.swift */ = {isa = PBXFileReference; lastKnownFileType = sourcecode.swift; path = APIRouter.swift; sourceTree = "<group>"; };
		32D24D092723475600500774 /* APIClient.swift */ = {isa = PBXFileReference; lastKnownFileType = sourcecode.swift; path = APIClient.swift; sourceTree = "<group>"; };
		32D24D0B2723478900500774 /* Constants.swift */ = {isa = PBXFileReference; lastKnownFileType = sourcecode.swift; path = Constants.swift; sourceTree = "<group>"; };
		32D24D0E272349CF00500774 /* Movie.swift */ = {isa = PBXFileReference; lastKnownFileType = sourcecode.swift; path = Movie.swift; sourceTree = "<group>"; };
		56C67FA0DA3AC3664F3634F4 /* Pods-MovieList.debug.xcconfig */ = {isa = PBXFileReference; includeInIndex = 1; lastKnownFileType = text.xcconfig; name = "Pods-MovieList.debug.xcconfig"; path = "Target Support Files/Pods-MovieList/Pods-MovieList.debug.xcconfig"; sourceTree = "<group>"; };
		67BD9C75B9D12C008B50A2A7 /* Pods_MovieList_MovieListUITests.framework */ = {isa = PBXFileReference; explicitFileType = wrapper.framework; includeInIndex = 0; path = Pods_MovieList_MovieListUITests.framework; sourceTree = BUILT_PRODUCTS_DIR; };
		74A7165975D414D5C6164C96 /* Pods-MovieList-MovieListUITests.release.xcconfig */ = {isa = PBXFileReference; includeInIndex = 1; lastKnownFileType = text.xcconfig; name = "Pods-MovieList-MovieListUITests.release.xcconfig"; path = "Target Support Files/Pods-MovieList-MovieListUITests/Pods-MovieList-MovieListUITests.release.xcconfig"; sourceTree = "<group>"; };
		8FFAA854256BEDE158A7E0CE /* Pods-MovieListTests.debug.xcconfig */ = {isa = PBXFileReference; includeInIndex = 1; lastKnownFileType = text.xcconfig; name = "Pods-MovieListTests.debug.xcconfig"; path = "Target Support Files/Pods-MovieListTests/Pods-MovieListTests.debug.xcconfig"; sourceTree = "<group>"; };
		A4ECA5D6733BB3DB02DAA15D /* Pods-MovieListTests.release.xcconfig */ = {isa = PBXFileReference; includeInIndex = 1; lastKnownFileType = text.xcconfig; name = "Pods-MovieListTests.release.xcconfig"; path = "Target Support Files/Pods-MovieListTests/Pods-MovieListTests.release.xcconfig"; sourceTree = "<group>"; };
		A80E869DAB13A268E5CCBC40 /* Pods_MovieListTests.framework */ = {isa = PBXFileReference; explicitFileType = wrapper.framework; includeInIndex = 0; path = Pods_MovieListTests.framework; sourceTree = BUILT_PRODUCTS_DIR; };
		B9693E830298EE64334ED65C /* Pods-MovieList-MovieListUITests.debug.xcconfig */ = {isa = PBXFileReference; includeInIndex = 1; lastKnownFileType = text.xcconfig; name = "Pods-MovieList-MovieListUITests.debug.xcconfig"; path = "Target Support Files/Pods-MovieList-MovieListUITests/Pods-MovieList-MovieListUITests.debug.xcconfig"; sourceTree = "<group>"; };
		D65A2CC70E0207884CAC495A /* Pods_MovieList.framework */ = {isa = PBXFileReference; explicitFileType = wrapper.framework; includeInIndex = 0; path = Pods_MovieList.framework; sourceTree = BUILT_PRODUCTS_DIR; };
/* End PBXFileReference section */

/* Begin PBXFrameworksBuildPhase section */
		32D24CCD2723444E00500774 /* Frameworks */ = {
			isa = PBXFrameworksBuildPhase;
			buildActionMask = 2147483647;
			files = (
				2798A02F8B333E5AB7AC5F8E /* Pods_MovieList.framework in Frameworks */,
			);
			runOnlyForDeploymentPostprocessing = 0;
		};
		32D24CE62723445000500774 /* Frameworks */ = {
			isa = PBXFrameworksBuildPhase;
			buildActionMask = 2147483647;
			files = (
				B442BE722CBBD3477C5127C4 /* Pods_MovieListTests.framework in Frameworks */,
			);
			runOnlyForDeploymentPostprocessing = 0;
		};
		32D24CF02723445000500774 /* Frameworks */ = {
			isa = PBXFrameworksBuildPhase;
			buildActionMask = 2147483647;
			files = (
				9C1E56722B40D8667157F1FB /* Pods_MovieList_MovieListUITests.framework in Frameworks */,
			);
			runOnlyForDeploymentPostprocessing = 0;
		};
/* End PBXFrameworksBuildPhase section */

/* Begin PBXGroup section */
		32D24CC72723444E00500774 = {
			isa = PBXGroup;
			children = (
				32D24CD22723444E00500774 /* MovieList */,
				32D24CEC2723445000500774 /* MovieListTests */,
				32D24CF62723445000500774 /* MovieListUITests */,
				32D24CD12723444E00500774 /* Products */,
				8C8D2F56F7B4D409DAB88B01 /* Pods */,
				8FE89871916C21005346E1E5 /* Frameworks */,
			);
			sourceTree = "<group>";
		};
		32D24CD12723444E00500774 /* Products */ = {
			isa = PBXGroup;
			children = (
				32D24CD02723444E00500774 /* MovieList.app */,
				32D24CE92723445000500774 /* MovieListTests.xctest */,
				32D24CF32723445000500774 /* MovieListUITests.xctest */,
			);
			name = Products;
			sourceTree = "<group>";
		};
		32D24CD22723444E00500774 /* MovieList */ = {
			isa = PBXGroup;
			children = (
				32D24D0D272349C400500774 /* Model */,
				32D24D06272346CC00500774 /* Networking */,
				32D24CD32723444E00500774 /* AppDelegate.swift */,
				32D24CD52723444E00500774 /* SceneDelegate.swift */,
				32D24CD72723444E00500774 /* ViewController.swift */,
				32D24CD92723444E00500774 /* Main.storyboard */,
				32D24CDF2723444F00500774 /* Assets.xcassets */,
				32D24CE12723444F00500774 /* LaunchScreen.storyboard */,
				32D24CE42723444F00500774 /* Info.plist */,
				32D24CDC2723444E00500774 /* MovieList.xcdatamodeld */,
				32D24D0B2723478900500774 /* Constants.swift */,
			);
			path = MovieList;
			sourceTree = "<group>";
		};
		32D24CEC2723445000500774 /* MovieListTests */ = {
			isa = PBXGroup;
			children = (
				32D24CED2723445000500774 /* MovieListTests.swift */,
			);
			path = MovieListTests;
			sourceTree = "<group>";
		};
		32D24CF62723445000500774 /* MovieListUITests */ = {
			isa = PBXGroup;
			children = (
				32D24CF72723445000500774 /* MovieListUITests.swift */,
				32D24CF92723445000500774 /* MovieListUITestsLaunchTests.swift */,
			);
			path = MovieListUITests;
			sourceTree = "<group>";
		};
		32D24D06272346CC00500774 /* Networking */ = {
			isa = PBXGroup;
			children = (
				32D24D072723473A00500774 /* APIRouter.swift */,
				32D24D092723475600500774 /* APIClient.swift */,
			);
			path = Networking;
			sourceTree = "<group>";
		};
		32D24D0D272349C400500774 /* Model */ = {
			isa = PBXGroup;
			children = (
				32D24D0E272349CF00500774 /* Movie.swift */,
			);
			path = Model;
			sourceTree = "<group>";
		};
		8C8D2F56F7B4D409DAB88B01 /* Pods */ = {
			isa = PBXGroup;
			children = (
				56C67FA0DA3AC3664F3634F4 /* Pods-MovieList.debug.xcconfig */,
				26F211175530013AF06EFC80 /* Pods-MovieList.release.xcconfig */,
				B9693E830298EE64334ED65C /* Pods-MovieList-MovieListUITests.debug.xcconfig */,
				74A7165975D414D5C6164C96 /* Pods-MovieList-MovieListUITests.release.xcconfig */,
				8FFAA854256BEDE158A7E0CE /* Pods-MovieListTests.debug.xcconfig */,
				A4ECA5D6733BB3DB02DAA15D /* Pods-MovieListTests.release.xcconfig */,
			);
			path = Pods;
			sourceTree = "<group>";
		};
		8FE89871916C21005346E1E5 /* Frameworks */ = {
			isa = PBXGroup;
			children = (
				D65A2CC70E0207884CAC495A /* Pods_MovieList.framework */,
				67BD9C75B9D12C008B50A2A7 /* Pods_MovieList_MovieListUITests.framework */,
				A80E869DAB13A268E5CCBC40 /* Pods_MovieListTests.framework */,
			);
			name = Frameworks;
			sourceTree = "<group>";
		};
/* End PBXGroup section */

/* Begin PBXNativeTarget section */
		32D24CCF2723444E00500774 /* MovieList */ = {
			isa = PBXNativeTarget;
			buildConfigurationList = 32D24CFD2723445000500774 /* Build configuration list for PBXNativeTarget "MovieList" */;
			buildPhases = (
				29EAC6BE6A3F77989605FBC7 /* [CP] Check Pods Manifest.lock */,
				32D24CCC2723444E00500774 /* Sources */,
				32D24CCD2723444E00500774 /* Frameworks */,
				32D24CCE2723444E00500774 /* Resources */,
				04D641D0D0D0F75C9139DF85 /* [CP] Embed Pods Frameworks */,
			);
			buildRules = (
			);
			dependencies = (
			);
			name = MovieList;
			productName = MovieList;
			productReference = 32D24CD02723444E00500774 /* MovieList.app */;
			productType = "com.apple.product-type.application";
		};
		32D24CE82723445000500774 /* MovieListTests */ = {
			isa = PBXNativeTarget;
			buildConfigurationList = 32D24D002723445000500774 /* Build configuration list for PBXNativeTarget "MovieListTests" */;
			buildPhases = (
				7FF64C0C8A08FDCDB74155B1 /* [CP] Check Pods Manifest.lock */,
				32D24CE52723445000500774 /* Sources */,
				32D24CE62723445000500774 /* Frameworks */,
				32D24CE72723445000500774 /* Resources */,
			);
			buildRules = (
			);
			dependencies = (
				32D24CEB2723445000500774 /* PBXTargetDependency */,
			);
			name = MovieListTests;
			productName = MovieListTests;
			productReference = 32D24CE92723445000500774 /* MovieListTests.xctest */;
			productType = "com.apple.product-type.bundle.unit-test";
		};
		32D24CF22723445000500774 /* MovieListUITests */ = {
			isa = PBXNativeTarget;
			buildConfigurationList = 32D24D032723445000500774 /* Build configuration list for PBXNativeTarget "MovieListUITests" */;
			buildPhases = (
				DAB318A2D86C92F794D6F5F2 /* [CP] Check Pods Manifest.lock */,
				32D24CEF2723445000500774 /* Sources */,
				32D24CF02723445000500774 /* Frameworks */,
				32D24CF12723445000500774 /* Resources */,
				E7496653FCD031FBA03DD1F3 /* [CP] Embed Pods Frameworks */,
			);
			buildRules = (
			);
			dependencies = (
				32D24CF52723445000500774 /* PBXTargetDependency */,
			);
			name = MovieListUITests;
			productName = MovieListUITests;
			productReference = 32D24CF32723445000500774 /* MovieListUITests.xctest */;
			productType = "com.apple.product-type.bundle.ui-testing";
		};
/* End PBXNativeTarget section */

/* Begin PBXProject section */
		32D24CC82723444E00500774 /* Project object */ = {
			isa = PBXProject;
			attributes = {
				BuildIndependentTargetsInParallel = 1;
				LastSwiftUpdateCheck = 1300;
				LastUpgradeCheck = 1300;
				TargetAttributes = {
					32D24CCF2723444E00500774 = {
						CreatedOnToolsVersion = 13.0;
					};
					32D24CE82723445000500774 = {
						CreatedOnToolsVersion = 13.0;
						TestTargetID = 32D24CCF2723444E00500774;
					};
					32D24CF22723445000500774 = {
						CreatedOnToolsVersion = 13.0;
						TestTargetID = 32D24CCF2723444E00500774;
					};
				};
			};
			buildConfigurationList = 32D24CCB2723444E00500774 /* Build configuration list for PBXProject "MovieList" */;
			compatibilityVersion = "Xcode 13.0";
			developmentRegion = en;
			hasScannedForEncodings = 0;
			knownRegions = (
				en,
				Base,
			);
			mainGroup = 32D24CC72723444E00500774;
			productRefGroup = 32D24CD12723444E00500774 /* Products */;
			projectDirPath = "";
			projectRoot = "";
			targets = (
				32D24CCF2723444E00500774 /* MovieList */,
				32D24CE82723445000500774 /* MovieListTests */,
				32D24CF22723445000500774 /* MovieListUITests */,
			);
		};
/* End PBXProject section */

/* Begin PBXResourcesBuildPhase section */
		32D24CCE2723444E00500774 /* Resources */ = {
			isa = PBXResourcesBuildPhase;
			buildActionMask = 2147483647;
			files = (
				32D24CE32723444F00500774 /* LaunchScreen.storyboard in Resources */,
				32D24CE02723444F00500774 /* Assets.xcassets in Resources */,
				32D24CDB2723444E00500774 /* Main.storyboard in Resources */,
			);
			runOnlyForDeploymentPostprocessing = 0;
		};
		32D24CE72723445000500774 /* Resources */ = {
			isa = PBXResourcesBuildPhase;
			buildActionMask = 2147483647;
			files = (
			);
			runOnlyForDeploymentPostprocessing = 0;
		};
		32D24CF12723445000500774 /* Resources */ = {
			isa = PBXResourcesBuildPhase;
			buildActionMask = 2147483647;
			files = (
			);
			runOnlyForDeploymentPostprocessing = 0;
		};
/* End PBXResourcesBuildPhase section */

/* Begin PBXShellScriptBuildPhase section */
		04D641D0D0D0F75C9139DF85 /* [CP] Embed Pods Frameworks */ = {
			isa = PBXShellScriptBuildPhase;
			buildActionMask = 2147483647;
			files = (
			);
			inputFileListPaths = (
				"${PODS_ROOT}/Target Support Files/Pods-MovieList/Pods-MovieList-frameworks-${CONFIGURATION}-input-files.xcfilelist",
			);
			name = "[CP] Embed Pods Frameworks";
			outputFileListPaths = (
				"${PODS_ROOT}/Target Support Files/Pods-MovieList/Pods-MovieList-frameworks-${CONFIGURATION}-output-files.xcfilelist",
			);
			runOnlyForDeploymentPostprocessing = 0;
			shellPath = /bin/sh;
			shellScript = "\"${PODS_ROOT}/Target Support Files/Pods-MovieList/Pods-MovieList-frameworks.sh\"\n";
			showEnvVarsInLog = 0;
		};
		29EAC6BE6A3F77989605FBC7 /* [CP] Check Pods Manifest.lock */ = {
			isa = PBXShellScriptBuildPhase;
			buildActionMask = 2147483647;
			files = (
			);
			inputFileListPaths = (
			);
			inputPaths = (
				"${PODS_PODFILE_DIR_PATH}/Podfile.lock",
				"${PODS_ROOT}/Manifest.lock",
			);
			name = "[CP] Check Pods Manifest.lock";
			outputFileListPaths = (
			);
			outputPaths = (
				"$(DERIVED_FILE_DIR)/Pods-MovieList-checkManifestLockResult.txt",
			);
			runOnlyForDeploymentPostprocessing = 0;
			shellPath = /bin/sh;
			shellScript = "diff \"${PODS_PODFILE_DIR_PATH}/Podfile.lock\" \"${PODS_ROOT}/Manifest.lock\" > /dev/null\nif [ $? != 0 ] ; then\n    # print error to STDERR\n    echo \"error: The sandbox is not in sync with the Podfile.lock. Run 'pod install' or update your CocoaPods installation.\" >&2\n    exit 1\nfi\n# This output is used by Xcode 'outputs' to avoid re-running this script phase.\necho \"SUCCESS\" > \"${SCRIPT_OUTPUT_FILE_0}\"\n";
			showEnvVarsInLog = 0;
		};
		7FF64C0C8A08FDCDB74155B1 /* [CP] Check Pods Manifest.lock */ = {
			isa = PBXShellScriptBuildPhase;
			buildActionMask = 2147483647;
			files = (
			);
			inputFileListPaths = (
			);
			inputPaths = (
				"${PODS_PODFILE_DIR_PATH}/Podfile.lock",
				"${PODS_ROOT}/Manifest.lock",
			);
			name = "[CP] Check Pods Manifest.lock";
			outputFileListPaths = (
			);
			outputPaths = (
				"$(DERIVED_FILE_DIR)/Pods-MovieListTests-checkManifestLockResult.txt",
			);
			runOnlyForDeploymentPostprocessing = 0;
			shellPath = /bin/sh;
			shellScript = "diff \"${PODS_PODFILE_DIR_PATH}/Podfile.lock\" \"${PODS_ROOT}/Manifest.lock\" > /dev/null\nif [ $? != 0 ] ; then\n    # print error to STDERR\n    echo \"error: The sandbox is not in sync with the Podfile.lock. Run 'pod install' or update your CocoaPods installation.\" >&2\n    exit 1\nfi\n# This output is used by Xcode 'outputs' to avoid re-running this script phase.\necho \"SUCCESS\" > \"${SCRIPT_OUTPUT_FILE_0}\"\n";
			showEnvVarsInLog = 0;
		};
		DAB318A2D86C92F794D6F5F2 /* [CP] Check Pods Manifest.lock */ = {
			isa = PBXShellScriptBuildPhase;
			buildActionMask = 2147483647;
			files = (
			);
			inputFileListPaths = (
			);
			inputPaths = (
				"${PODS_PODFILE_DIR_PATH}/Podfile.lock",
				"${PODS_ROOT}/Manifest.lock",
			);
			name = "[CP] Check Pods Manifest.lock";
			outputFileListPaths = (
			);
			outputPaths = (
				"$(DERIVED_FILE_DIR)/Pods-MovieList-MovieListUITests-checkManifestLockResult.txt",
			);
			runOnlyForDeploymentPostprocessing = 0;
			shellPath = /bin/sh;
			shellScript = "diff \"${PODS_PODFILE_DIR_PATH}/Podfile.lock\" \"${PODS_ROOT}/Manifest.lock\" > /dev/null\nif [ $? != 0 ] ; then\n    # print error to STDERR\n    echo \"error: The sandbox is not in sync with the Podfile.lock. Run 'pod install' or update your CocoaPods installation.\" >&2\n    exit 1\nfi\n# This output is used by Xcode 'outputs' to avoid re-running this script phase.\necho \"SUCCESS\" > \"${SCRIPT_OUTPUT_FILE_0}\"\n";
			showEnvVarsInLog = 0;
		};
		E7496653FCD031FBA03DD1F3 /* [CP] Embed Pods Frameworks */ = {
			isa = PBXShellScriptBuildPhase;
			buildActionMask = 2147483647;
			files = (
			);
			inputFileListPaths = (
				"${PODS_ROOT}/Target Support Files/Pods-MovieList-MovieListUITests/Pods-MovieList-MovieListUITests-frameworks-${CONFIGURATION}-input-files.xcfilelist",
			);
			name = "[CP] Embed Pods Frameworks";
			outputFileListPaths = (
				"${PODS_ROOT}/Target Support Files/Pods-MovieList-MovieListUITests/Pods-MovieList-MovieListUITests-frameworks-${CONFIGURATION}-output-files.xcfilelist",
			);
			runOnlyForDeploymentPostprocessing = 0;
			shellPath = /bin/sh;
			shellScript = "\"${PODS_ROOT}/Target Support Files/Pods-MovieList-MovieListUITests/Pods-MovieList-MovieListUITests-frameworks.sh\"\n";
			showEnvVarsInLog = 0;
		};
/* End PBXShellScriptBuildPhase section */

/* Begin PBXSourcesBuildPhase section */
		32D24CCC2723444E00500774 /* Sources */ = {
			isa = PBXSourcesBuildPhase;
			buildActionMask = 2147483647;
			files = (
				32D24CD82723444E00500774 /* ViewController.swift in Sources */,
				32D24D082723473A00500774 /* APIRouter.swift in Sources */,
				32D24CD42723444E00500774 /* AppDelegate.swift in Sources */,
				32D24CDE2723444E00500774 /* MovieList.xcdatamodeld in Sources */,
				32D24D0C2723478900500774 /* Constants.swift in Sources */,
				32D24CD62723444E00500774 /* SceneDelegate.swift in Sources */,
				32D24D0F272349CF00500774 /* Movie.swift in Sources */,
				32D24D0A2723475600500774 /* APIClient.swift in Sources */,
			);
			runOnlyForDeploymentPostprocessing = 0;
		};
		32D24CE52723445000500774 /* Sources */ = {
			isa = PBXSourcesBuildPhase;
			buildActionMask = 2147483647;
			files = (
				32D24CEE2723445000500774 /* MovieListTests.swift in Sources */,
			);
			runOnlyForDeploymentPostprocessing = 0;
		};
		32D24CEF2723445000500774 /* Sources */ = {
			isa = PBXSourcesBuildPhase;
			buildActionMask = 2147483647;
			files = (
				32D24CF82723445000500774 /* MovieListUITests.swift in Sources */,
				32D24CFA2723445000500774 /* MovieListUITestsLaunchTests.swift in Sources */,
			);
			runOnlyForDeploymentPostprocessing = 0;
		};
/* End PBXSourcesBuildPhase section */

/* Begin PBXTargetDependency section */
		32D24CEB2723445000500774 /* PBXTargetDependency */ = {
			isa = PBXTargetDependency;
			target = 32D24CCF2723444E00500774 /* MovieList */;
			targetProxy = 32D24CEA2723445000500774 /* PBXContainerItemProxy */;
		};
		32D24CF52723445000500774 /* PBXTargetDependency */ = {
			isa = PBXTargetDependency;
			target = 32D24CCF2723444E00500774 /* MovieList */;
			targetProxy = 32D24CF42723445000500774 /* PBXContainerItemProxy */;
		};
/* End PBXTargetDependency section */

/* Begin PBXVariantGroup section */
		32D24CD92723444E00500774 /* Main.storyboard */ = {
			isa = PBXVariantGroup;
			children = (
				32D24CDA2723444E00500774 /* Base */,
			);
			name = Main.storyboard;
			sourceTree = "<group>";
		};
		32D24CE12723444F00500774 /* LaunchScreen.storyboard */ = {
			isa = PBXVariantGroup;
			children = (
				32D24CE22723444F00500774 /* Base */,
			);
			name = LaunchScreen.storyboard;
			sourceTree = "<group>";
		};
/* End PBXVariantGroup section */

/* Begin XCBuildConfiguration section */
		32D24CFB2723445000500774 /* Debug */ = {
			isa = XCBuildConfiguration;
			buildSettings = {
				ALWAYS_SEARCH_USER_PATHS = NO;
				CLANG_ANALYZER_NONNULL = YES;
				CLANG_ANALYZER_NUMBER_OBJECT_CONVERSION = YES_AGGRESSIVE;
				CLANG_CXX_LANGUAGE_STANDARD = "gnu++17";
				CLANG_CXX_LIBRARY = "libc++";
				CLANG_ENABLE_MODULES = YES;
				CLANG_ENABLE_OBJC_ARC = YES;
				CLANG_ENABLE_OBJC_WEAK = YES;
				CLANG_WARN_BLOCK_CAPTURE_AUTORELEASING = YES;
				CLANG_WARN_BOOL_CONVERSION = YES;
				CLANG_WARN_COMMA = YES;
				CLANG_WARN_CONSTANT_CONVERSION = YES;
				CLANG_WARN_DEPRECATED_OBJC_IMPLEMENTATIONS = YES;
				CLANG_WARN_DIRECT_OBJC_ISA_USAGE = YES_ERROR;
				CLANG_WARN_DOCUMENTATION_COMMENTS = YES;
				CLANG_WARN_EMPTY_BODY = YES;
				CLANG_WARN_ENUM_CONVERSION = YES;
				CLANG_WARN_INFINITE_RECURSION = YES;
				CLANG_WARN_INT_CONVERSION = YES;
				CLANG_WARN_NON_LITERAL_NULL_CONVERSION = YES;
				CLANG_WARN_OBJC_IMPLICIT_RETAIN_SELF = YES;
				CLANG_WARN_OBJC_LITERAL_CONVERSION = YES;
				CLANG_WARN_OBJC_ROOT_CLASS = YES_ERROR;
				CLANG_WARN_QUOTED_INCLUDE_IN_FRAMEWORK_HEADER = YES;
				CLANG_WARN_RANGE_LOOP_ANALYSIS = YES;
				CLANG_WARN_STRICT_PROTOTYPES = YES;
				CLANG_WARN_SUSPICIOUS_MOVE = YES;
				CLANG_WARN_UNGUARDED_AVAILABILITY = YES_AGGRESSIVE;
				CLANG_WARN_UNREACHABLE_CODE = YES;
				CLANG_WARN__DUPLICATE_METHOD_MATCH = YES;
				COPY_PHASE_STRIP = NO;
				DEBUG_INFORMATION_FORMAT = dwarf;
				ENABLE_STRICT_OBJC_MSGSEND = YES;
				ENABLE_TESTABILITY = YES;
				GCC_C_LANGUAGE_STANDARD = gnu11;
				GCC_DYNAMIC_NO_PIC = NO;
				GCC_NO_COMMON_BLOCKS = YES;
				GCC_OPTIMIZATION_LEVEL = 0;
				GCC_PREPROCESSOR_DEFINITIONS = (
					"DEBUG=1",
					"$(inherited)",
				);
				GCC_WARN_64_TO_32_BIT_CONVERSION = YES;
				GCC_WARN_ABOUT_RETURN_TYPE = YES_ERROR;
				GCC_WARN_UNDECLARED_SELECTOR = YES;
				GCC_WARN_UNINITIALIZED_AUTOS = YES_AGGRESSIVE;
				GCC_WARN_UNUSED_FUNCTION = YES;
				GCC_WARN_UNUSED_VARIABLE = YES;
				IPHONEOS_DEPLOYMENT_TARGET = 15.0;
				MTL_ENABLE_DEBUG_INFO = INCLUDE_SOURCE;
				MTL_FAST_MATH = YES;
				ONLY_ACTIVE_ARCH = YES;
				SDKROOT = iphoneos;
				SWIFT_ACTIVE_COMPILATION_CONDITIONS = DEBUG;
				SWIFT_OPTIMIZATION_LEVEL = "-Onone";
			};
			name = Debug;
		};
		32D24CFC2723445000500774 /* Release */ = {
			isa = XCBuildConfiguration;
			buildSettings = {
				ALWAYS_SEARCH_USER_PATHS = NO;
				CLANG_ANALYZER_NONNULL = YES;
				CLANG_ANALYZER_NUMBER_OBJECT_CONVERSION = YES_AGGRESSIVE;
				CLANG_CXX_LANGUAGE_STANDARD = "gnu++17";
				CLANG_CXX_LIBRARY = "libc++";
				CLANG_ENABLE_MODULES = YES;
				CLANG_ENABLE_OBJC_ARC = YES;
				CLANG_ENABLE_OBJC_WEAK = YES;
				CLANG_WARN_BLOCK_CAPTURE_AUTORELEASING = YES;
				CLANG_WARN_BOOL_CONVERSION = YES;
				CLANG_WARN_COMMA = YES;
				CLANG_WARN_CONSTANT_CONVERSION = YES;
				CLANG_WARN_DEPRECATED_OBJC_IMPLEMENTATIONS = YES;
				CLANG_WARN_DIRECT_OBJC_ISA_USAGE = YES_ERROR;
				CLANG_WARN_DOCUMENTATION_COMMENTS = YES;
				CLANG_WARN_EMPTY_BODY = YES;
				CLANG_WARN_ENUM_CONVERSION = YES;
				CLANG_WARN_INFINITE_RECURSION = YES;
				CLANG_WARN_INT_CONVERSION = YES;
				CLANG_WARN_NON_LITERAL_NULL_CONVERSION = YES;
				CLANG_WARN_OBJC_IMPLICIT_RETAIN_SELF = YES;
				CLANG_WARN_OBJC_LITERAL_CONVERSION = YES;
				CLANG_WARN_OBJC_ROOT_CLASS = YES_ERROR;
				CLANG_WARN_QUOTED_INCLUDE_IN_FRAMEWORK_HEADER = YES;
				CLANG_WARN_RANGE_LOOP_ANALYSIS = YES;
				CLANG_WARN_STRICT_PROTOTYPES = YES;
				CLANG_WARN_SUSPICIOUS_MOVE = YES;
				CLANG_WARN_UNGUARDED_AVAILABILITY = YES_AGGRESSIVE;
				CLANG_WARN_UNREACHABLE_CODE = YES;
				CLANG_WARN__DUPLICATE_METHOD_MATCH = YES;
				COPY_PHASE_STRIP = NO;
				DEBUG_INFORMATION_FORMAT = "dwarf-with-dsym";
				ENABLE_NS_ASSERTIONS = NO;
				ENABLE_STRICT_OBJC_MSGSEND = YES;
				GCC_C_LANGUAGE_STANDARD = gnu11;
				GCC_NO_COMMON_BLOCKS = YES;
				GCC_WARN_64_TO_32_BIT_CONVERSION = YES;
				GCC_WARN_ABOUT_RETURN_TYPE = YES_ERROR;
				GCC_WARN_UNDECLARED_SELECTOR = YES;
				GCC_WARN_UNINITIALIZED_AUTOS = YES_AGGRESSIVE;
				GCC_WARN_UNUSED_FUNCTION = YES;
				GCC_WARN_UNUSED_VARIABLE = YES;
				IPHONEOS_DEPLOYMENT_TARGET = 15.0;
				MTL_ENABLE_DEBUG_INFO = NO;
				MTL_FAST_MATH = YES;
				SDKROOT = iphoneos;
				SWIFT_COMPILATION_MODE = wholemodule;
				SWIFT_OPTIMIZATION_LEVEL = "-O";
				VALIDATE_PRODUCT = YES;
			};
			name = Release;
		};
		32D24CFE2723445000500774 /* Debug */ = {
			isa = XCBuildConfiguration;
			baseConfigurationReference = 56C67FA0DA3AC3664F3634F4 /* Pods-MovieList.debug.xcconfig */;
			buildSettings = {
				ASSETCATALOG_COMPILER_APPICON_NAME = AppIcon;
				ASSETCATALOG_COMPILER_GLOBAL_ACCENT_COLOR_NAME = AccentColor;
				CODE_SIGN_STYLE = Automatic;
				CURRENT_PROJECT_VERSION = 1;
				GENERATE_INFOPLIST_FILE = YES;
				INFOPLIST_FILE = MovieList/Info.plist;
				INFOPLIST_KEY_UIApplicationSupportsIndirectInputEvents = YES;
				INFOPLIST_KEY_UILaunchStoryboardName = LaunchScreen;
				INFOPLIST_KEY_UIMainStoryboardFile = Main;
				INFOPLIST_KEY_UISupportedInterfaceOrientations_iPad = "UIInterfaceOrientationPortrait UIInterfaceOrientationPortraitUpsideDown UIInterfaceOrientationLandscapeLeft UIInterfaceOrientationLandscapeRight";
				INFOPLIST_KEY_UISupportedInterfaceOrientations_iPhone = "UIInterfaceOrientationPortrait UIInterfaceOrientationLandscapeLeft UIInterfaceOrientationLandscapeRight";
				LD_RUNPATH_SEARCH_PATHS = (
					"$(inherited)",
					"@executable_path/Frameworks",
				);
				MARKETING_VERSION = 1.0;
				PRODUCT_BUNDLE_IDENTIFIER = com.Hoseki.MovieList;
				PRODUCT_NAME = "$(TARGET_NAME)";
				SWIFT_EMIT_LOC_STRINGS = YES;
				SWIFT_VERSION = 5.0;
				TARGETED_DEVICE_FAMILY = "1,2";
			};
			name = Debug;
		};
		32D24CFF2723445000500774 /* Release */ = {
			isa = XCBuildConfiguration;
			baseConfigurationReference = 26F211175530013AF06EFC80 /* Pods-MovieList.release.xcconfig */;
			buildSettings = {
				ASSETCATALOG_COMPILER_APPICON_NAME = AppIcon;
				ASSETCATALOG_COMPILER_GLOBAL_ACCENT_COLOR_NAME = AccentColor;
				CODE_SIGN_STYLE = Automatic;
				CURRENT_PROJECT_VERSION = 1;
				GENERATE_INFOPLIST_FILE = YES;
				INFOPLIST_FILE = MovieList/Info.plist;
				INFOPLIST_KEY_UIApplicationSupportsIndirectInputEvents = YES;
				INFOPLIST_KEY_UILaunchStoryboardName = LaunchScreen;
				INFOPLIST_KEY_UIMainStoryboardFile = Main;
				INFOPLIST_KEY_UISupportedInterfaceOrientations_iPad = "UIInterfaceOrientationPortrait UIInterfaceOrientationPortraitUpsideDown UIInterfaceOrientationLandscapeLeft UIInterfaceOrientationLandscapeRight";
				INFOPLIST_KEY_UISupportedInterfaceOrientations_iPhone = "UIInterfaceOrientationPortrait UIInterfaceOrientationLandscapeLeft UIInterfaceOrientationLandscapeRight";
				LD_RUNPATH_SEARCH_PATHS = (
					"$(inherited)",
					"@executable_path/Frameworks",
				);
				MARKETING_VERSION = 1.0;
				PRODUCT_BUNDLE_IDENTIFIER = com.Hoseki.MovieList;
				PRODUCT_NAME = "$(TARGET_NAME)";
				SWIFT_EMIT_LOC_STRINGS = YES;
				SWIFT_VERSION = 5.0;
				TARGETED_DEVICE_FAMILY = "1,2";
			};
			name = Release;
		};
		32D24D012723445000500774 /* Debug */ = {
			isa = XCBuildConfiguration;
			baseConfigurationReference = 8FFAA854256BEDE158A7E0CE /* Pods-MovieListTests.debug.xcconfig */;
			buildSettings = {
				ALWAYS_EMBED_SWIFT_STANDARD_LIBRARIES = YES;
				BUNDLE_LOADER = "$(TEST_HOST)";
				CODE_SIGN_STYLE = Automatic;
				CURRENT_PROJECT_VERSION = 1;
				GENERATE_INFOPLIST_FILE = YES;
				IPHONEOS_DEPLOYMENT_TARGET = 15.0;
				LD_RUNPATH_SEARCH_PATHS = (
					"$(inherited)",
					"@executable_path/Frameworks",
					"@loader_path/Frameworks",
				);
				MARKETING_VERSION = 1.0;
				PRODUCT_BUNDLE_IDENTIFIER = com.Hoseki.MovieListTests;
				PRODUCT_NAME = "$(TARGET_NAME)";
				SWIFT_EMIT_LOC_STRINGS = NO;
				SWIFT_VERSION = 5.0;
				TARGETED_DEVICE_FAMILY = "1,2";
				TEST_HOST = "$(BUILT_PRODUCTS_DIR)/MovieList.app/MovieList";
			};
			name = Debug;
		};
		32D24D022723445000500774 /* Release */ = {
			isa = XCBuildConfiguration;
			baseConfigurationReference = A4ECA5D6733BB3DB02DAA15D /* Pods-MovieListTests.release.xcconfig */;
			buildSettings = {
				ALWAYS_EMBED_SWIFT_STANDARD_LIBRARIES = YES;
				BUNDLE_LOADER = "$(TEST_HOST)";
				CODE_SIGN_STYLE = Automatic;
				CURRENT_PROJECT_VERSION = 1;
				GENERATE_INFOPLIST_FILE = YES;
				IPHONEOS_DEPLOYMENT_TARGET = 15.0;
				LD_RUNPATH_SEARCH_PATHS = (
					"$(inherited)",
					"@executable_path/Frameworks",
					"@loader_path/Frameworks",
				);
				MARKETING_VERSION = 1.0;
				PRODUCT_BUNDLE_IDENTIFIER = com.Hoseki.MovieListTests;
				PRODUCT_NAME = "$(TARGET_NAME)";
				SWIFT_EMIT_LOC_STRINGS = NO;
				SWIFT_VERSION = 5.0;
				TARGETED_DEVICE_FAMILY = "1,2";
				TEST_HOST = "$(BUILT_PRODUCTS_DIR)/MovieList.app/MovieList";
			};
			name = Release;
		};
		32D24D042723445000500774 /* Debug */ = {
			isa = XCBuildConfiguration;
			baseConfigurationReference = B9693E830298EE64334ED65C /* Pods-MovieList-MovieListUITests.debug.xcconfig */;
			buildSettings = {
				ALWAYS_EMBED_SWIFT_STANDARD_LIBRARIES = YES;
				CODE_SIGN_STYLE = Automatic;
				CURRENT_PROJECT_VERSION = 1;
				GENERATE_INFOPLIST_FILE = YES;
				LD_RUNPATH_SEARCH_PATHS = (
					"$(inherited)",
					"@executable_path/Frameworks",
					"@loader_path/Frameworks",
				);
				MARKETING_VERSION = 1.0;
				PRODUCT_BUNDLE_IDENTIFIER = com.Hoseki.MovieListUITests;
				PRODUCT_NAME = "$(TARGET_NAME)";
				SWIFT_EMIT_LOC_STRINGS = NO;
				SWIFT_VERSION = 5.0;
				TARGETED_DEVICE_FAMILY = "1,2";
				TEST_TARGET_NAME = MovieList;
			};
			name = Debug;
		};
		32D24D052723445000500774 /* Release */ = {
			isa = XCBuildConfiguration;
			baseConfigurationReference = 74A7165975D414D5C6164C96 /* Pods-MovieList-MovieListUITests.release.xcconfig */;
			buildSettings = {
				ALWAYS_EMBED_SWIFT_STANDARD_LIBRARIES = YES;
				CODE_SIGN_STYLE = Automatic;
				CURRENT_PROJECT_VERSION = 1;
				GENERATE_INFOPLIST_FILE = YES;
				LD_RUNPATH_SEARCH_PATHS = (
					"$(inherited)",
					"@executable_path/Frameworks",
					"@loader_path/Frameworks",
				);
				MARKETING_VERSION = 1.0;
				PRODUCT_BUNDLE_IDENTIFIER = com.Hoseki.MovieListUITests;
				PRODUCT_NAME = "$(TARGET_NAME)";
				SWIFT_EMIT_LOC_STRINGS = NO;
				SWIFT_VERSION = 5.0;
				TARGETED_DEVICE_FAMILY = "1,2";
				TEST_TARGET_NAME = MovieList;
			};
			name = Release;
		};
/* End XCBuildConfiguration section */

/* Begin XCConfigurationList section */
		32D24CCB2723444E00500774 /* Build configuration list for PBXProject "MovieList" */ = {
			isa = XCConfigurationList;
			buildConfigurations = (
				32D24CFB2723445000500774 /* Debug */,
				32D24CFC2723445000500774 /* Release */,
			);
			defaultConfigurationIsVisible = 0;
			defaultConfigurationName = Release;
		};
		32D24CFD2723445000500774 /* Build configuration list for PBXNativeTarget "MovieList" */ = {
			isa = XCConfigurationList;
			buildConfigurations = (
				32D24CFE2723445000500774 /* Debug */,
				32D24CFF2723445000500774 /* Release */,
			);
			defaultConfigurationIsVisible = 0;
			defaultConfigurationName = Release;
		};
		32D24D002723445000500774 /* Build configuration list for PBXNativeTarget "MovieListTests" */ = {
			isa = XCConfigurationList;
			buildConfigurations = (
				32D24D012723445000500774 /* Debug */,
				32D24D022723445000500774 /* Release */,
			);
			defaultConfigurationIsVisible = 0;
			defaultConfigurationName = Release;
		};
		32D24D032723445000500774 /* Build configuration list for PBXNativeTarget "MovieListUITests" */ = {
			isa = XCConfigurationList;
			buildConfigurations = (
				32D24D042723445000500774 /* Debug */,
				32D24D052723445000500774 /* Release */,
			);
			defaultConfigurationIsVisible = 0;
			defaultConfigurationName = Release;
		};
/* End XCConfigurationList section */

/* Begin XCVersionGroup section */
		32D24CDC2723444E00500774 /* MovieList.xcdatamodeld */ = {
			isa = XCVersionGroup;
			children = (
				32D24CDD2723444E00500774 /* MovieList.xcdatamodel */,
			);
			currentVersion = 32D24CDD2723444E00500774 /* MovieList.xcdatamodel */;
			path = MovieList.xcdatamodeld;
			sourceTree = "<group>";
			versionGroupType = wrapper.xcdatamodel;
		};
/* End XCVersionGroup section */
	};
	rootObject = 32D24CC82723444E00500774 /* Project object */;
}
